{
  "name": "advent-code-2018",
  "version": "1.0.0",
  "lockfileVersion": 1,
  "requires": true,
  "dependencies": {
    "@cullylarson/f": {
      "version": "0.0.7",
      "resolved": "https://registry.npmjs.org/@cullylarson/f/-/f-0.0.7.tgz",
      "integrity": "sha512-htfiiU8oMCNEGrXtnNllcldvIt1orBzdvPrBw+pTn2oUmdmxAUrL+UardtUMcqd84lIVlbQXJ1SANzAdTREa+A=="
    },
    "ramda": {
      "version": "0.26.1",
      "resolved": "https://registry.npmjs.org/ramda/-/ramda-0.26.1.tgz",
      "integrity": "sha512-hLWjpy7EnsDBb0p+Z3B7rPi3GDeRG5ZtiI33kJhTt+ORCd38AbAIjB/9zRIUoeTbE/AVX5ZkU7m6bznsvrf8eQ=="
    }
  }
}
